Microsoft Visual Studio Solution File, Format Version 12.00
# Visual Studio Version 17
VisualStudioVersion = 17.5.2.0
MinimumVisualStudioVersion = 10.0.40219.1
Project("{2150E333-8FDC-42A3-9474-1A3956D46DE8}") = "mongo", "mongo", "{D189EB7C-EB07-2093-E81C-13F22E9B3223}"
EndProject
Project("{2150E333-8FDC-42A3-9474-1A3956D46DE8}") = "redis", "redis", "{5E2EA210-FBB9-830A-A401-B1FA6305E16B}"
EndProject
Project("{FAE04EC0-301F-11D3-BF4B-00C04F79EFBC}") = "dotnet", "mongo\dotnet\dotnet.csproj", "{E2093E43-9B2F-2AFE-B9D9-3A57452FBCB1}"
EndProject
Project("{FAE04EC0-301F-11D3-BF4B-00C04F79EFBC}") = "dotnet", "redis\dotnet\dotnet.csproj", "{DC022B1A-9AD1-43E5-4302-FFAF6394B49A}"
EndProject
Global
	GlobalSection(SolutionConfigurationPlatforms) = preSolution
		Debug|Any CPU = Debug|Any CPU
		Release|Any CPU = Release|Any CPU
	EndGlobalSection
	GlobalSection(ProjectConfigurationPlatforms) = postSolution
		{E2093E43-9B2F-2AFE-B9D9-3A57452FBCB1}.Debug|Any CPU.ActiveCfg = Debug|Any CPU
		{E2093E43-9B2F-2AFE-B9D9-3A57452FBCB1}.Debug|Any CPU.Build.0 = Debug|Any CPU
		{E2093E43-9B2F-2AFE-B9D9-3A57452FBCB1}.Release|Any CPU.ActiveCfg = Release|Any CPU
		{E2093E43-9B2F-2AFE-B9D9-3A57452FBCB1}.Release|Any CPU.Build.0 = Release|Any CPU
		{DC022B1A-9AD1-43E5-4302-FFAF6394B49A}.Debug|Any CPU.ActiveCfg = Debug|Any CPU
		{DC022B1A-9AD1-43E5-4302-FFAF6394B49A}.Debug|Any CPU.Build.0 = Debug|Any CPU
		{DC022B1A-9AD1-43E5-4302-FFAF6394B49A}.Release|Any CPU.ActiveCfg = Release|Any CPU
		{DC022B1A-9AD1-43E5-4302-FFAF6394B49A}.Release|Any CPU.Build.0 = Release|Any CPU
	EndGlobalSection
	GlobalSection(SolutionProperties) = preSolution
		HideSolutionNode = FALSE
	EndGlobalSection
	GlobalSection(NestedProjects) = preSolution
		{E2093E43-9B2F-2AFE-B9D9-3A57452FBCB1} = {D189EB7C-EB07-2093-E81C-13F22E9B3223}
		{DC022B1A-9AD1-43E5-4302-FFAF6394B49A} = {5E2EA210-FBB9-830A-A401-B1FA6305E16B}
	EndGlobalSection
	GlobalSection(ExtensibilityGlobals) = postSolution
		SolutionGuid = {57C1D738-5E54-4B59-A1BF-5D8DCA6AB076}
	EndGlobalSection
EndGlobal
